
Microsoft Visual Studio Solution File, Format Version 12.00
# Visual Studio Version 16
VisualStudioVersion = 16.0.30517.126
MinimumVisualStudioVersion = 10.0.40219.1
Project("{FAE04EC0-301F-11D3-BF4B-00C04F79EFBC}") = "OOP-PartI", "OOP-PartI\OOP-PartI.csproj", "{9B6CC9C6-D095-4A3B-8798-D9ED139278AB}"
EndProject
Project("{FAE04EC0-301F-11D3-BF4B-00C04F79EFBC}") = "OOPCat", "OOPCat\OOPCat.csproj", "{4F662CAE-5FDC-4E8E-A0D9-98C1C3331253}"
EndProject
Global
	GlobalSection(SolutionConfigurationPlatforms) = preSolution
		Debug|Any CPU = Debug|Any CPU
		Release|Any CPU = Release|Any CPU
	EndGlobalSection
	GlobalSection(ProjectConfigurationPlatforms) = postSolution
		{9B6CC9C6-D095-4A3B-8798-D9ED139278AB}.Debug|Any CPU.ActiveCfg = Debug|Any CPU
		{9B6CC9C6-D095-4A3B-8798-D9ED139278AB}.Debug|Any CPU.Build.0 = Debug|Any CPU
		{9B6CC9C6-D095-4A3B-8798-D9ED139278AB}.Release|Any CPU.ActiveCfg = Release|Any CPU
		{9B6CC9C6-D095-4A3B-8798-D9ED139278AB}.Release|Any CPU.Build.0 = Release|Any CPU
		{4F662CAE-5FDC-4E8E-A0D9-98C1C3331253}.Debug|Any CPU.ActiveCfg = Debug|Any CPU
		{4F662CAE-5FDC-4E8E-A0D9-98C1C3331253}.Debug|Any CPU.Build.0 = Debug|Any CPU
		{4F662CAE-5FDC-4E8E-A0D9-98C1C3331253}.Release|Any CPU.ActiveCfg = Release|Any CPU
		{4F662CAE-5FDC-4E8E-A0D9-98C1C3331253}.Release|Any CPU.Build.0 = Release|Any CPU
	EndGlobalSection
	GlobalSection(SolutionProperties) = preSolution
		HideSolutionNode = FALSE
	EndGlobalSection
	GlobalSection(ExtensibilityGlobals) = postSolution
		SolutionGuid = {5E69965B-5E56-48B9-8E57-2FAB6EF2991F}
	EndGlobalSection
EndGlobal
